
Microsoft Visual Studio Solution File, Format Version 12.00
# Visual Studio Version 17
VisualStudioVersion = 17.7.34221.43
MinimumVisualStudioVersion = 10.0.40219.1
Project("{FAE04EC0-301F-11D3-BF4B-00C04F79EFBC}") = "MinimalApi", "MinimalApi\MinimalApi.csproj", "{4DD3D5B8-CEDE-4847-A7A9-42A10F424604}"
EndProject
Global
	GlobalSection(SolutionConfigurationPlatforms) = preSolution
		Debug|Any CPU = Debug|Any CPU
		Release|Any CPU = Release|Any CPU
	EndGlobalSection
	GlobalSection(ProjectConfigurationPlatforms) = postSolution
		{4DD3D5B8-CEDE-4847-A7A9-42A10F424604}.Debug|Any CPU.ActiveCfg = Debug|Any CPU
		{4DD3D5B8-CEDE-4847-A7A9-42A10F424604}.Debug|Any CPU.Build.0 = Debug|Any CPU
		{4DD3D5B8-CEDE-4847-A7A9-42A10F424604}.Release|Any CPU.ActiveCfg = Release|Any CPU
		{4DD3D5B8-CEDE-4847-A7A9-42A10F424604}.Release|Any CPU.Build.0 = Release|Any CPU
	EndGlobalSection
	GlobalSection(SolutionProperties) = preSolution
		HideSolutionNode = FALSE
	EndGlobalSection
	GlobalSection(ExtensibilityGlobals) = postSolution
		SolutionGuid = {C5F85019-1F42-4F0F-A2C9-ED8639A99C94}
	EndGlobalSection
EndGlobal
